// !$*UTF8*$!
{
	archiveVersion = 1;
	classes = {
	};
	objectVersion = 77;
	objects = {

/* Begin PBXContainerItemProxy section */
		0BC64A1F2E68AFDC00A3A45D /* PBXContainerItemProxy */ = {
			isa = PBXContainerItemProxy;
			containerPortal = 0BC64A002E68AFD900A3A45D /* Project object */;
			proxyType = 1;
			remoteGlobalIDString = 0BC64A072E68AFD900A3A45D;
			remoteInfo = GettingStarded2;
		};
		0BC64A292E68AFDC00A3A45D /* PBXContainerItemProxy */ = {
			isa = PBXContainerItemProxy;
			containerPortal = 0BC64A002E68AFD900A3A45D /* Project object */;
			proxyType = 1;
			remoteGlobalIDString = 0BC64A072E68AFD900A3A45D;
			remoteInfo = GettingStarded2;
		};
/* End PBXContainerItemProxy section */

/* Begin PBXFileReference section */
		0BC64A082E68AFD900A3A45D /* GettingStarded2.app */ = {isa = PBXFileReference; explicitFileType = wrapper.application; includeInIndex = 0; path = GettingStarded2.app; sourceTree = BUILT_PRODUCTS_DIR; };
		0BC64A1E2E68AFDC00A3A45D /* GettingStarded2Tests.xctest */ = {isa = PBXFileReference; explicitFileType = wrapper.cfbundle; includeInIndex = 0; path = GettingStarded2Tests.xctest; sourceTree = BUILT_PRODUCTS_DIR; };
		0BC64A282E68AFDC00A3A45D /* GettingStarded2UITests.xctest */ = {isa = PBXFileReference; explicitFileType = wrapper.cfbundle; includeInIndex = 0; path = GettingStarded2UITests.xctest; sourceTree = BUILT_PRODUCTS_DIR; };
/* End PBXFileReference section */

/* Begin PBXFileSystemSynchronizedBuildFileExceptionSet section */
		0BC64A302E68AFDC00A3A45D /* Exceptions for "GettingStarded2" folder in "GettingStarded2" target */ = {
			isa = PBXFileSystemSynchronizedBuildFileExceptionSet;
			membershipExceptions = (
				Info.plist,
			);
			target = 0BC64A072E68AFD900A3A45D /* GettingStarded2 */;
		};
/* End PBXFileSystemSynchronizedBuildFileExceptionSet section */

/* Begin PBXFileSystemSynchronizedRootGroup section */
		0BC64A0A2E68AFD900A3A45D /* GettingStarded2 */ = {
			isa = PBXFileSystemSynchronizedRootGroup;
			exceptions = (
				0BC64A302E68AFDC00A3A45D /* Exceptions for "GettingStarded2" folder in "GettingStarded2" target */,
			);
			path = GettingStarded2;
			sourceTree = "<group>";
		};
		0BC64A212E68AFDC00A3A45D /* GettingStarded2Tests */ = {
			isa = PBXFileSystemSynchronizedRootGroup;
			path = GettingStarded2Tests;
			sourceTree = "<group>";
		};
		0BC64A2B2E68AFDC00A3A45D /* GettingStarded2UITests */ = {
			isa = PBXFileSystemSynchronizedRootGroup;
			path = GettingStarded2UITests;
			sourceTree = "<group>";
		};
/* End PBXFileSystemSynchronizedRootGroup section */

/* Begin PBXFrameworksBuildPhase section */
		0BC64A052E68AFD900A3A45D /* Frameworks */ = {
			isa = PBXFrameworksBuildPhase;
			buildActionMask = 2147483647;
			files = (
			);
			runOnlyForDeploymentPostprocessing = 0;
		};
		0BC64A1B2E68AFDC00A3A45D /* Frameworks */ = {
			isa = PBXFrameworksBuildPhase;
			buildActionMask = 2147483647;
			files = (
			);
			runOnlyForDeploymentPostprocessing = 0;
		};
		0BC64A252E68AFDC00A3A45D /* Frameworks */ = {
			isa = PBXFrameworksBuildPhase;
			buildActionMask = 2147483647;
			files = (
			);
			runOnlyForDeploymentPostprocessing = 0;
		};
/* End PBXFrameworksBuildPhase section */

/* Begin PBXGroup section */
		0BC649FF2E68AFD900A3A45D = {
			isa = PBXGroup;
			children = (
				0BC64A0A2E68AFD900A3A45D /* GettingStarded2 */,
				0BC64A212E68AFDC00A3A45D /* GettingStarded2Tests */,
				0BC64A2B2E68AFDC00A3A45D /* GettingStarded2UITests */,
				0BC64A092E68AFD900A3A45D /* Products */,
			);
			sourceTree = "<group>";
		};
		0BC64A092E68AFD900A3A45D /* Products */ = {
			isa = PBXGroup;
			children = (
				0BC64A082E68AFD900A3A45D /* GettingStarded2.app */,
				0BC64A1E2E68AFDC00A3A45D /* GettingStarded2Tests.xctest */,
				0BC64A282E68AFDC00A3A45D /* GettingStarded2UITests.xctest */,
			);
			name = Products;
			sourceTree = "<group>";
		};
/* End PBXGroup section */

/* Begin PBXNativeTarget section */
		0BC64A072E68AFD900A3A45D /* GettingStarded2 */ = {
			isa = PBXNativeTarget;
			buildConfigurationList = 0BC64A312E68AFDC00A3A45D /* Build configuration list for PBXNativeTarget "GettingStarded2" */;
			buildPhases = (
				0BC64A042E68AFD900A3A45D /* Sources */,
				0BC64A052E68AFD900A3A45D /* Frameworks */,
				0BC64A062E68AFD900A3A45D /* Resources */,
			);
			buildRules = (
			);
			dependencies = (
			);
			fileSystemSynchronizedGroups = (
				0BC64A0A2E68AFD900A3A45D /* GettingStarded2 */,
			);
			name = GettingStarded2;
			packageProductDependencies = (
			);
			productName = GettingStarded2;
			productReference = 0BC64A082E68AFD900A3A45D /* GettingStarded2.app */;
			productType = "com.apple.product-type.application";
		};
		0BC64A1D2E68AFDC00A3A45D /* GettingStarded2Tests */ = {
			isa = PBXNativeTarget;
			buildConfigurationList = 0BC64A362E68AFDC00A3A45D /* Build configuration list for PBXNativeTarget "GettingStarded2Tests" */;
			buildPhases = (
				0BC64A1A2E68AFDC00A3A45D /* Sources */,
				0BC64A1B2E68AFDC00A3A45D /* Frameworks */,
				0BC64A1C2E68AFDC00A3A45D /* Resources */,
			);
			buildRules = (
			);
			dependencies = (
				0BC64A202E68AFDC00A3A45D /* PBXTargetDependency */,
			);
			fileSystemSynchronizedGroups = (
				0BC64A212E68AFDC00A3A45D /* GettingStarded2Tests */,
			);
			name = GettingStarded2Tests;
			packageProductDependencies = (
			);
			productName = GettingStarded2Tests;
			productReference = 0BC64A1E2E68AFDC00A3A45D /* GettingStarded2Tests.xctest */;
			productType = "com.apple.product-type.bundle.unit-test";
		};
		0BC64A272E68AFDC00A3A45D /* GettingStarded2UITests */ = {
			isa = PBXNativeTarget;
			buildConfigurationList = 0BC64A392E68AFDC00A3A45D /* Build configuration list for PBXNativeTarget "GettingStarded2UITests" */;
			buildPhases = (
				0BC64A242E68AFDC00A3A45D /* Sources */,
				0BC64A252E68AFDC00A3A45D /* Frameworks */,
				0BC64A262E68AFDC00A3A45D /* Resources */,
			);
			buildRules = (
			);
			dependencies = (
				0BC64A2A2E68AFDC00A3A45D /* PBXTargetDependency */,
			);
			fileSystemSynchronizedGroups = (
				0BC64A2B2E68AFDC00A3A45D /* GettingStarded2UITests */,
			);
			name = GettingStarded2UITests;
			packageProductDependencies = (
			);
			productName = GettingStarded2UITests;
			productReference = 0BC64A282E68AFDC00A3A45D /* GettingStarded2UITests.xctest */;
			productType = "com.apple.product-type.bundle.ui-testing";
		};
/* End PBXNativeTarget section */

/* Begin PBXProject section */
		0BC64A002E68AFD900A3A45D /* Project object */ = {
			isa = PBXProject;
			attributes = {
				BuildIndependentTargetsInParallel = 1;
				LastSwiftUpdateCheck = 1640;
				LastUpgradeCheck = 1640;
				TargetAttributes = {
					0BC64A072E68AFD900A3A45D = {
						CreatedOnToolsVersion = 16.4;
					};
					0BC64A1D2E68AFDC00A3A45D = {
						CreatedOnToolsVersion = 16.4;
						TestTargetID = 0BC64A072E68AFD900A3A45D;
					};
					0BC64A272E68AFDC00A3A45D = {
						CreatedOnToolsVersion = 16.4;
						TestTargetID = 0BC64A072E68AFD900A3A45D;
					};
				};
			};
			buildConfigurationList = 0BC64A032E68AFD900A3A45D /* Build configuration list for PBXProject "GettingStarded2" */;
			developmentRegion = en;
			hasScannedForEncodings = 0;
			knownRegions = (
				en,
				Base,
			);
			mainGroup = 0BC649FF2E68AFD900A3A45D;
			minimizedProjectReferenceProxies = 1;
			preferredProjectObjectVersion = 77;
			productRefGroup = 0BC64A092E68AFD900A3A45D /* Products */;
			projectDirPath = "";
			projectRoot = "";
			targets = (
				0BC64A072E68AFD900A3A45D /* GettingStarded2 */,
				0BC64A1D2E68AFDC00A3A45D /* GettingStarded2Tests */,
				0BC64A272E68AFDC00A3A45D /* GettingStarded2UITests */,
			);
		};
/* End PBXProject section */

/* Begin PBXResourcesBuildPhase section */
		0BC64A062E68AFD900A3A45D /* Resources */ = {
			isa = PBXResourcesBuildPhase;
			buildActionMask = 2147483647;
			files = (
			);
			runOnlyForDeploymentPostprocessing = 0;
		};
		0BC64A1C2E68AFDC00A3A45D /* Resources */ = {
			isa = PBXResourcesBuildPhase;
			buildActionMask = 2147483647;
			files = (
			);
			runOnlyForDeploymentPostprocessing = 0;
		};
		0BC64A262E68AFDC00A3A45D /* Resources */ = {
			isa = PBXResourcesBuildPhase;
			buildActionMask = 2147483647;
			files = (
			);
			runOnlyForDeploymentPostprocessing = 0;
		};
/* End PBXResourcesBuildPhase section */

/* Begin PBXSourcesBuildPhase section */
		0BC64A042E68AFD900A3A45D /* Sources */ = {
			isa = PBXSourcesBuildPhase;
			buildActionMask = 2147483647;
			files = (
			);
			runOnlyForDeploymentPostprocessing = 0;
		};
		0BC64A1A2E68AFDC00A3A45D /* Sources */ = {
			isa = PBXSourcesBuildPhase;
			buildActionMask = 2147483647;
			files = (
			);
			runOnlyForDeploymentPostprocessing = 0;
		};
		0BC64A242E68AFDC00A3A45D /* Sources */ = {
			isa = PBXSourcesBuildPhase;
			buildActionMask = 2147483647;
			files = (
			);
			runOnlyForDeploymentPostprocessing = 0;
		};
/* End PBXSourcesBuildPhase section */

/* Begin PBXTargetDependency section */
		0BC64A202E68AFDC00A3A45D /* PBXTargetDependency */ = {
			isa = PBXTargetDependency;
			target = 0BC64A072E68AFD900A3A45D /* GettingStarded2 */;
			targetProxy = 0BC64A1F2E68AFDC00A3A45D /* PBXContainerItemProxy */;
		};
		0BC64A2A2E68AFDC00A3A45D /* PBXTargetDependency */ = {
			isa = PBXTargetDependency;
			target = 0BC64A072E68AFD900A3A45D /* GettingStarded2 */;
			targetProxy = 0BC64A292E68AFDC00A3A45D /* PBXContainerItemProxy */;
		};
/* End PBXTargetDependency section */

/* Begin XCBuildConfiguration section */
		0BC64A322E68AFDC00A3A45D /* Debug */ = {
			isa = XCBuildConfiguration;
			buildSettings = {
				ASSETCATALOG_COMPILER_APPICON_NAME = AppIcon;
				ASSETCATALOG_COMPILER_GLOBAL_ACCENT_COLOR_NAME = AccentColor;
				CODE_SIGN_STYLE = Automatic;
				CURRENT_PROJECT_VERSION = 1;
				DEVELOPMENT_TEAM = H4459R5UDL;
				GENERATE_INFOPLIST_FILE = YES;
				INFOPLIST_FILE = GettingStarded2/Info.plist;
				INFOPLIST_KEY_UIApplicationSupportsIndirectInputEvents = YES;
				INFOPLIST_KEY_UILaunchStoryboardName = LaunchScreen;
				INFOPLIST_KEY_UIMainStoryboardFile = Main;
				INFOPLIST_KEY_UISupportedInterfaceOrientations_iPad = "UIInterfaceOrientationPortrait UIInterfaceOrientationPortraitUpsideDown UIInterfaceOrientationLandscapeLeft UIInterfaceOrientationLandscapeRight";
				INFOPLIST_KEY_UISupportedInterfaceOrientations_iPhone = "UIInterfaceOrientationPortrait UIInterfaceOrientationLandscapeLeft UIInterfaceOrientationLandscapeRight";
				LD_RUNPATH_SEARCH_PATHS = (
					"$(inherited)",
					"@executable_path/Frameworks",
				);
				MARKETING_VERSION = 1.0;
				PRODUCT_BUNDLE_IDENTIFIER = com.unam.GettingStarded2;
				PRODUCT_NAME = "$(TARGET_NAME)";
				SWIFT_EMIT_LOC_STRINGS = YES;
				SWIFT_VERSION = 5.0;
				TARGETED_DEVICE_FAMILY = "1,2";
			};
			name = Debug;
		};
		0BC64A332E68AFDC00A3A45D /* Release */ = {
			isa = XCBuildConfiguration;
			buildSettings = {
				ASSETCATALOG_COMPILER_APPICON_NAME = AppIcon;
				ASSETCATALOG_COMPILER_GLOBAL_ACCENT_COLOR_NAME = AccentColor;
				CODE_SIGN_STYLE = Automatic;
				CURRENT_PROJECT_VERSION = 1;
				DEVELOPMENT_TEAM = H4459R5UDL;
				GENERATE_INFOPLIST_FILE = YES;
				INFOPLIST_FILE = GettingStarded2/Info.plist;
				INFOPLIST_KEY_UIApplicationSupportsIndirectInputEvents = YES;
				INFOPLIST_KEY_UILaunchStoryboardName = LaunchScreen;
				INFOPLIST_KEY_UIMainStoryboardFile = Main;
				INFOPLIST_KEY_UISupportedInterfaceOrientations_iPad = "UIInterfaceOrientationPortrait UIInterfaceOrientationPortraitUpsideDown UIInterfaceOrientationLandscapeLeft UIInterfaceOrientationLandscapeRight";
				INFOPLIST_KEY_UISupportedInterfaceOrientations_iPhone = "UIInterfaceOrientationPortrait UIInterfaceOrientationLandscapeLeft UIInterfaceOrientationLandscapeRight";
				LD_RUNPATH_SEARCH_PATHS = (
					"$(inherited)",
					"@executable_path/Frameworks",
				);
				MARKETING_VERSION = 1.0;
				PRODUCT_BUNDLE_IDENTIFIER = com.unam.GettingStarded2;
				PRODUCT_NAME = "$(TARGET_NAME)";
				SWIFT_EMIT_LOC_STRINGS = YES;
				SWIFT_VERSION = 5.0;
				TARGETED_DEVICE_FAMILY = "1,2";
			};
			name = Release;
		};
		0BC64A342E68AFDC00A3A45D /* Debug */ = {
			isa = XCBuildConfiguration;
			buildSettings = {
				ALWAYS_SEARCH_USER_PATHS = NO;
				ASSETCATALOG_COMPILER_GENERATE_SWIFT_ASSET_SYMBOL_EXTENSIONS = YES;
				CLANG_ANALYZER_NONNULL = YES;
				CLANG_ANALYZER_NUMBER_OBJECT_CONVERSION = YES_AGGRESSIVE;
				CLANG_CXX_LANGUAGE_STANDARD = "gnu++20";
				CLANG_ENABLE_MODULES = YES;
				CLANG_ENABLE_OBJC_ARC = YES;
				CLANG_ENABLE_OBJC_WEAK = YES;
				CLANG_WARN_BLOCK_CAPTURE_AUTORELEASING = YES;
				CLANG_WARN_BOOL_CONVERSION = YES;
				CLANG_WARN_COMMA = YES;
				CLANG_WARN_CONSTANT_CONVERSION = YES;
				CLANG_WARN_DEPRECATED_OBJC_IMPLEMENTATIONS = YES;
				CLANG_WARN_DIRECT_OBJC_ISA_USAGE = YES_ERROR;
				CLANG_WARN_DOCUMENTATION_COMMENTS = YES;
				CLANG_WARN_EMPTY_BODY = YES;
				CLANG_WARN_ENUM_CONVERSION = YES;
				CLANG_WARN_INFINITE_RECURSION = YES;
				CLANG_WARN_INT_CONVERSION = YES;
				CLANG_WARN_NON_LITERAL_NULL_CONVERSION = YES;
				CLANG_WARN_OBJC_IMPLICIT_RETAIN_SELF = YES;
				CLANG_WARN_OBJC_LITERAL_CONVERSION = YES;
				CLANG_WARN_OBJC_ROOT_CLASS = YES_ERROR;
				CLANG_WARN_QUOTED_INCLUDE_IN_FRAMEWORK_HEADER = YES;
				CLANG_WARN_RANGE_LOOP_ANALYSIS = YES;
				CLANG_WARN_STRICT_PROTOTYPES = YES;
				CLANG_WARN_SUSPICIOUS_MOVE = YES;
				CLANG_WARN_UNGUARDED_AVAILABILITY = YES_AGGRESSIVE;
				CLANG_WARN_UNREACHABLE_CODE = YES;
				CLANG_WARN__DUPLICATE_METHOD_MATCH = YES;
				COPY_PHASE_STRIP = NO;
				DEBUG_INFORMATION_FORMAT = dwarf;
				DEVELOPMENT_TEAM = H4459R5UDL;
				ENABLE_STRICT_OBJC_MSGSEND = YES;
				ENABLE_TESTABILITY = YES;
				ENABLE_USER_SCRIPT_SANDBOXING = YES;
				GCC_C_LANGUAGE_STANDARD = gnu17;
				GCC_DYNAMIC_NO_PIC = NO;
				GCC_NO_COMMON_BLOCKS = YES;
				GCC_OPTIMIZATION_LEVEL = 0;
				GCC_PREPROCESSOR_DEFINITIONS = (
					"DEBUG=1",
					"$(inherited)",
				);
				GCC_WARN_64_TO_32_BIT_CONVERSION = YES;
				GCC_WARN_ABOUT_RETURN_TYPE = YES_ERROR;
				GCC_WARN_UNDECLARED_SELECTOR = YES;
				GCC_WARN_UNINITIALIZED_AUTOS = YES_AGGRESSIVE;
				GCC_WARN_UNUSED_FUNCTION = YES;
				GCC_WARN_UNUSED_VARIABLE = YES;
				IPHONEOS_DEPLOYMENT_TARGET = 18.5;
				LOCALIZATION_PREFERS_STRING_CATALOGS = YES;
				MTL_ENABLE_DEBUG_INFO = INCLUDE_SOURCE;
				MTL_FAST_MATH = YES;
				ONLY_ACTIVE_ARCH = YES;
				SDKROOT = iphoneos;
				SWIFT_ACTIVE_COMPILATION_CONDITIONS = "DEBUG $(inherited)";
				SWIFT_OPTIMIZATION_LEVEL = "-Onone";
			};
			name = Debug;
		};
		0BC64A352E68AFDC00A3A45D /* Release */ = {
			isa = XCBuildConfiguration;
			buildSettings = {
				ALWAYS_SEARCH_USER_PATHS = NO;
				ASSETCATALOG_COMPILER_GENERATE_SWIFT_ASSET_SYMBOL_EXTENSIONS = YES;
				CLANG_ANALYZER_NONNULL = YES;
				CLANG_ANALYZER_NUMBER_OBJECT_CONVERSION = YES_AGGRESSIVE;
				CLANG_CXX_LANGUAGE_STANDARD = "gnu++20";
				CLANG_ENABLE_MODULES = YES;
				CLANG_ENABLE_OBJC_ARC = YES;
				CLANG_ENABLE_OBJC_WEAK = YES;
				CLANG_WARN_BLOCK_CAPTURE_AUTORELEASING = YES;
				CLANG_WARN_BOOL_CONVERSION = YES;
				CLANG_WARN_COMMA = YES;
				CLANG_WARN_CONSTANT_CONVERSION = YES;
				CLANG_WARN_DEPRECATED_OBJC_IMPLEMENTATIONS = YES;
				CLANG_WARN_DIRECT_OBJC_ISA_USAGE = YES_ERROR;
				CLANG_WARN_DOCUMENTATION_COMMENTS = YES;
				CLANG_WARN_EMPTY_BODY = YES;
				CLANG_WARN_ENUM_CONVERSION = YES;
				CLANG_WARN_INFINITE_RECURSION = YES;
				CLANG_WARN_INT_CONVERSION = YES;
				CLANG_WARN_NON_LITERAL_NULL_CONVERSION = YES;
				CLANG_WARN_OBJC_IMPLICIT_RETAIN_SELF = YES;
				CLANG_WARN_OBJC_LITERAL_CONVERSION = YES;
				CLANG_WARN_OBJC_ROOT_CLASS = YES_ERROR;
				CLANG_WARN_QUOTED_INCLUDE_IN_FRAMEWORK_HEADER = YES;
				CLANG_WARN_RANGE_LOOP_ANALYSIS = YES;
				CLANG_WARN_STRICT_PROTOTYPES = YES;
				CLANG_WARN_SUSPICIOUS_MOVE = YES;
				CLANG_WARN_UNGUARDED_AVAILABILITY = YES_AGGRESSIVE;
				CLANG_WARN_UNREACHABLE_CODE = YES;
				CLANG_WARN__DUPLICATE_METHOD_MATCH = YES;
				COPY_PHASE_STRIP = NO;
				DEBUG_INFORMATION_FORMAT = "dwarf-with-dsym";
				DEVELOPMENT_TEAM = H4459R5UDL;
				ENABLE_NS_ASSERTIONS = NO;
				ENABLE_STRICT_OBJC_MSGSEND = YES;
				ENABLE_USER_SCRIPT_SANDBOXING = YES;
				GCC_C_LANGUAGE_STANDARD = gnu17;
				GCC_NO_COMMON_BLOCKS = YES;
				GCC_WARN_64_TO_32_BIT_CONVERSION = YES;
				GCC_WARN_ABOUT_RETURN_TYPE = YES_ERROR;
				GCC_WARN_UNDECLARED_SELECTOR = YES;
				GCC_WARN_UNINITIALIZED_AUTOS = YES_AGGRESSIVE;
				GCC_WARN_UNUSED_FUNCTION = YES;
				GCC_WARN_UNUSED_VARIABLE = YES;
				IPHONEOS_DEPLOYMENT_TARGET = 18.5;
				LOCALIZATION_PREFERS_STRING_CATALOGS = YES;
				MTL_ENABLE_DEBUG_INFO = NO;
				MTL_FAST_MATH = YES;
				SDKROOT = iphoneos;
				SWIFT_COMPILATION_MODE = wholemodule;
				VALIDATE_PRODUCT = YES;
			};
			name = Release;
		};
		0BC64A372E68AFDC00A3A45D /* Debug */ = {
			isa = XCBuildConfiguration;
			buildSettings = {
				BUNDLE_LOADER = "$(TEST_HOST)";
				CODE_SIGN_STYLE = Automatic;
				CURRENT_PROJECT_VERSION = 1;
				DEVELOPMENT_TEAM = H4459R5UDL;
				GENERATE_INFOPLIST_FILE = YES;
				IPHONEOS_DEPLOYMENT_TARGET = 18.5;
				MARKETING_VERSION = 1.0;
				PRODUCT_BUNDLE_IDENTIFIER = com.unam.GettingStarded2Tests;
				PRODUCT_NAME = "$(TARGET_NAME)";
				SWIFT_EMIT_LOC_STRINGS = NO;
				SWIFT_VERSION = 5.0;
				TARGETED_DEVICE_FAMILY = "1,2";
				TEST_HOST = "$(BUILT_PRODUCTS_DIR)/GettingStarded2.app/$(BUNDLE_EXECUTABLE_FOLDER_PATH)/GettingStarded2";
			};
			name = Debug;
		};
		0BC64A382E68AFDC00A3A45D /* Release */ = {
			isa = XCBuildConfiguration;
			buildSettings = {
				BUNDLE_LOADER = "$(TEST_HOST)";
				CODE_SIGN_STYLE = Automatic;
				CURRENT_PROJECT_VERSION = 1;
				DEVELOPMENT_TEAM = H4459R5UDL;
				GENERATE_INFOPLIST_FILE = YES;
				IPHONEOS_DEPLOYMENT_TARGET = 18.5;
				MARKETING_VERSION = 1.0;
				PRODUCT_BUNDLE_IDENTIFIER = com.unam.GettingStarded2Tests;
				PRODUCT_NAME = "$(TARGET_NAME)";
				SWIFT_EMIT_LOC_STRINGS = NO;
				SWIFT_VERSION = 5.0;
				TARGETED_DEVICE_FAMILY = "1,2";
				TEST_HOST = "$(BUILT_PRODUCTS_DIR)/GettingStarded2.app/$(BUNDLE_EXECUTABLE_FOLDER_PATH)/GettingStarded2";
			};
			name = Release;
		};
		0BC64A3A2E68AFDC00A3A45D /* Debug */ = {
			isa = XCBuildConfiguration;
			buildSettings = {
				CODE_SIGN_STYLE = Automatic;
				CURRENT_PROJECT_VERSION = 1;
				DEVELOPMENT_TEAM = H4459R5UDL;
				GENERATE_INFOPLIST_FILE = YES;
				MARKETING_VERSION = 1.0;
				PRODUCT_BUNDLE_IDENTIFIER = com.unam.GettingStarded2UITests;
				PRODUCT_NAME = "$(TARGET_NAME)";
				SWIFT_EMIT_LOC_STRINGS = NO;
				SWIFT_VERSION = 5.0;
				TARGETED_DEVICE_FAMILY = "1,2";
				TEST_TARGET_NAME = GettingStarded2;
			};
			name = Debug;
		};
		0BC64A3B2E68AFDC00A3A45D /* Release */ = {
			isa = XCBuildConfiguration;
			buildSettings = {
				CODE_SIGN_STYLE = Automatic;
				CURRENT_PROJECT_VERSION = 1;
				DEVELOPMENT_TEAM = H4459R5UDL;
				GENERATE_INFOPLIST_FILE = YES;
				MARKETING_VERSION = 1.0;
				PRODUCT_BUNDLE_IDENTIFIER = com.unam.GettingStarded2UITests;
				PRODUCT_NAME = "$(TARGET_NAME)";
				SWIFT_EMIT_LOC_STRINGS = NO;
				SWIFT_VERSION = 5.0;
				TARGETED_DEVICE_FAMILY = "1,2";
				TEST_TARGET_NAME = GettingStarded2;
			};
			name = Release;
		};
/* End XCBuildConfiguration section */

/* Begin XCConfigurationList section */
		0BC64A032E68AFD900A3A45D /* Build configuration list for PBXProject "GettingStarded2" */ = {
			isa = XCConfigurationList;
			buildConfigurations = (
				0BC64A342E68AFDC00A3A45D /* Debug */,
				0BC64A352E68AFDC00A3A45D /* Release */,
			);
			defaultConfigurationIsVisible = 0;
			defaultConfigurationName = Release;
		};
		0BC64A312E68AFDC00A3A45D /* Build configuration list for PBXNativeTarget "GettingStarded2" */ = {
			isa = XCConfigurationList;
			buildConfigurations = (
				0BC64A322E68AFDC00A3A45D /* Debug */,
				0BC64A332E68AFDC00A3A45D /* Release */,
			);
			defaultConfigurationIsVisible = 0;
			defaultConfigurationName = Release;
		};
		0BC64A362E68AFDC00A3A45D /* Build configuration list for PBXNativeTarget "GettingStarded2Tests" */ = {
			isa = XCConfigurationList;
			buildConfigurations = (
				0BC64A372E68AFDC00A3A45D /* Debug */,
				0BC64A382E68AFDC00A3A45D /* Release */,
			);
			defaultConfigurationIsVisible = 0;
			defaultConfigurationName = Release;
		};
		0BC64A392E68AFDC00A3A45D /* Build configuration list for PBXNativeTarget "GettingStarded2UITests" */ = {
			isa = XCConfigurationList;
			buildConfigurations = (
				0BC64A3A2E68AFDC00A3A45D /* Debug */,
				0BC64A3B2E68AFDC00A3A45D /* Release */,
			);
			defaultConfigurationIsVisible = 0;
			defaultConfigurationName = Release;
		};
/* End XCConfigurationList section */
	};
	rootObject = 0BC64A002E68AFD900A3A45D /* Project object */;
}
