// !$*UTF8*$!
{
	archiveVersion = 1;
	classes = {
	};
	objectVersion = 77;
	objects = {

/* Begin PBXContainerItemProxy section */
		A2056E092E6F55E80088F903 /* PBXContainerItemProxy */ = {
			isa = PBXContainerItemProxy;
			containerPortal = A2056DEA2E6F55E60088F903 /* Project object */;
			proxyType = 1;
			remoteGlobalIDString = A2056DF12E6F55E60088F903;
			remoteInfo = GettinStarted4;
		};
		A2056E132E6F55E80088F903 /* PBXContainerItemProxy */ = {
			isa = PBXContainerItemProxy;
			containerPortal = A2056DEA2E6F55E60088F903 /* Project object */;
			proxyType = 1;
			remoteGlobalIDString = A2056DF12E6F55E60088F903;
			remoteInfo = GettinStarted4;
		};
/* End PBXContainerItemProxy section */

/* Begin PBXFileReference section */
		A2056DF22E6F55E60088F903 /* GettinStarted4.app */ = {isa = PBXFileReference; explicitFileType = wrapper.application; includeInIndex = 0; path = GettinStarted4.app; sourceTree = BUILT_PRODUCTS_DIR; };
		A2056E082E6F55E80088F903 /* GettinStarted4Tests.xctest */ = {isa = PBXFileReference; explicitFileType = wrapper.cfbundle; includeInIndex = 0; path = GettinStarted4Tests.xctest; sourceTree = BUILT_PRODUCTS_DIR; };
		A2056E122E6F55E80088F903 /* GettinStarted4UITests.xctest */ = {isa = PBXFileReference; explicitFileType = wrapper.cfbundle; includeInIndex = 0; path = GettinStarted4UITests.xctest; sourceTree = BUILT_PRODUCTS_DIR; };
/* End PBXFileReference section */

/* Begin PBXFileSystemSynchronizedBuildFileExceptionSet section */
		A2056E1A2E6F55E80088F903 /* Exceptions for "GettinStarted4" folder in "GettinStarted4" target */ = {
			isa = PBXFileSystemSynchronizedBuildFileExceptionSet;
			membershipExceptions = (
				Info.plist,
			);
			target = A2056DF12E6F55E60088F903 /* GettinStarted4 */;
		};
/* End PBXFileSystemSynchronizedBuildFileExceptionSet section */

/* Begin PBXFileSystemSynchronizedRootGroup section */
		A2056DF42E6F55E60088F903 /* GettinStarted4 */ = {
			isa = PBXFileSystemSynchronizedRootGroup;
			exceptions = (
				A2056E1A2E6F55E80088F903 /* Exceptions for "GettinStarted4" folder in "GettinStarted4" target */,
			);
			path = GettinStarted4;
			sourceTree = "<group>";
		};
		A2056E0B2E6F55E80088F903 /* GettinStarted4Tests */ = {
			isa = PBXFileSystemSynchronizedRootGroup;
			path = GettinStarted4Tests;
			sourceTree = "<group>";
		};
		A2056E152E6F55E80088F903 /* GettinStarted4UITests */ = {
			isa = PBXFileSystemSynchronizedRootGroup;
			path = GettinStarted4UITests;
			sourceTree = "<group>";
		};
/* End PBXFileSystemSynchronizedRootGroup section */

/* Begin PBXFrameworksBuildPhase section */
		A2056DEF2E6F55E60088F903 /* Frameworks */ = {
			isa = PBXFrameworksBuildPhase;
			buildActionMask = 2147483647;
			files = (
			);
			runOnlyForDeploymentPostprocessing = 0;
		};
		A2056E052E6F55E80088F903 /* Frameworks */ = {
			isa = PBXFrameworksBuildPhase;
			buildActionMask = 2147483647;
			files = (
			);
			runOnlyForDeploymentPostprocessing = 0;
		};
		A2056E0F2E6F55E80088F903 /* Frameworks */ = {
			isa = PBXFrameworksBuildPhase;
			buildActionMask = 2147483647;
			files = (
			);
			runOnlyForDeploymentPostprocessing = 0;
		};
/* End PBXFrameworksBuildPhase section */

/* Begin PBXGroup section */
		A2056DE92E6F55E60088F903 = {
			isa = PBXGroup;
			children = (
				A2056DF42E6F55E60088F903 /* GettinStarted4 */,
				A2056E0B2E6F55E80088F903 /* GettinStarted4Tests */,
				A2056E152E6F55E80088F903 /* GettinStarted4UITests */,
				A2056DF32E6F55E60088F903 /* Products */,
			);
			sourceTree = "<group>";
		};
		A2056DF32E6F55E60088F903 /* Products */ = {
			isa = PBXGroup;
			children = (
				A2056DF22E6F55E60088F903 /* GettinStarted4.app */,
				A2056E082E6F55E80088F903 /* GettinStarted4Tests.xctest */,
				A2056E122E6F55E80088F903 /* GettinStarted4UITests.xctest */,
			);
			name = Products;
			sourceTree = "<group>";
		};
/* End PBXGroup section */

/* Begin PBXNativeTarget section */
		A2056DF12E6F55E60088F903 /* GettinStarted4 */ = {
			isa = PBXNativeTarget;
			buildConfigurationList = A2056E1B2E6F55E80088F903 /* Build configuration list for PBXNativeTarget "GettinStarted4" */;
			buildPhases = (
				A2056DEE2E6F55E60088F903 /* Sources */,
				A2056DEF2E6F55E60088F903 /* Frameworks */,
				A2056DF02E6F55E60088F903 /* Resources */,
			);
			buildRules = (
			);
			dependencies = (
			);
			fileSystemSynchronizedGroups = (
				A2056DF42E6F55E60088F903 /* GettinStarted4 */,
			);
			name = GettinStarted4;
			packageProductDependencies = (
			);
			productName = GettinStarted4;
			productReference = A2056DF22E6F55E60088F903 /* GettinStarted4.app */;
			productType = "com.apple.product-type.application";
		};
		A2056E072E6F55E80088F903 /* GettinStarted4Tests */ = {
			isa = PBXNativeTarget;
			buildConfigurationList = A2056E202E6F55E80088F903 /* Build configuration list for PBXNativeTarget "GettinStarted4Tests" */;
			buildPhases = (
				A2056E042E6F55E80088F903 /* Sources */,
				A2056E052E6F55E80088F903 /* Frameworks */,
				A2056E062E6F55E80088F903 /* Resources */,
			);
			buildRules = (
			);
			dependencies = (
				A2056E0A2E6F55E80088F903 /* PBXTargetDependency */,
			);
			fileSystemSynchronizedGroups = (
				A2056E0B2E6F55E80088F903 /* GettinStarted4Tests */,
			);
			name = GettinStarted4Tests;
			packageProductDependencies = (
			);
			productName = GettinStarted4Tests;
			productReference = A2056E082E6F55E80088F903 /* GettinStarted4Tests.xctest */;
			productType = "com.apple.product-type.bundle.unit-test";
		};
		A2056E112E6F55E80088F903 /* GettinStarted4UITests */ = {
			isa = PBXNativeTarget;
			buildConfigurationList = A2056E232E6F55E80088F903 /* Build configuration list for PBXNativeTarget "GettinStarted4UITests" */;
			buildPhases = (
				A2056E0E2E6F55E80088F903 /* Sources */,
				A2056E0F2E6F55E80088F903 /* Frameworks */,
				A2056E102E6F55E80088F903 /* Resources */,
			);
			buildRules = (
			);
			dependencies = (
				A2056E142E6F55E80088F903 /* PBXTargetDependency */,
			);
			fileSystemSynchronizedGroups = (
				A2056E152E6F55E80088F903 /* GettinStarted4UITests */,
			);
			name = GettinStarted4UITests;
			packageProductDependencies = (
			);
			productName = GettinStarted4UITests;
			productReference = A2056E122E6F55E80088F903 /* GettinStarted4UITests.xctest */;
			productType = "com.apple.product-type.bundle.ui-testing";
		};
/* End PBXNativeTarget section */

/* Begin PBXProject section */
		A2056DEA2E6F55E60088F903 /* Project object */ = {
			isa = PBXProject;
			attributes = {
				BuildIndependentTargetsInParallel = 1;
				LastSwiftUpdateCheck = 1640;
				LastUpgradeCheck = 1640;
				TargetAttributes = {
					A2056DF12E6F55E60088F903 = {
						CreatedOnToolsVersion = 16.4;
					};
					A2056E072E6F55E80088F903 = {
						CreatedOnToolsVersion = 16.4;
						TestTargetID = A2056DF12E6F55E60088F903;
					};
					A2056E112E6F55E80088F903 = {
						CreatedOnToolsVersion = 16.4;
						TestTargetID = A2056DF12E6F55E60088F903;
					};
				};
			};
			buildConfigurationList = A2056DED2E6F55E60088F903 /* Build configuration list for PBXProject "GettinStarted4" */;
			developmentRegion = en;
			hasScannedForEncodings = 0;
			knownRegions = (
				en,
				Base,
			);
			mainGroup = A2056DE92E6F55E60088F903;
			minimizedProjectReferenceProxies = 1;
			preferredProjectObjectVersion = 77;
			productRefGroup = A2056DF32E6F55E60088F903 /* Products */;
			projectDirPath = "";
			projectRoot = "";
			targets = (
				A2056DF12E6F55E60088F903 /* GettinStarted4 */,
				A2056E072E6F55E80088F903 /* GettinStarted4Tests */,
				A2056E112E6F55E80088F903 /* GettinStarted4UITests */,
			);
		};
/* End PBXProject section */

/* Begin PBXResourcesBuildPhase section */
		A2056DF02E6F55E60088F903 /* Resources */ = {
			isa = PBXResourcesBuildPhase;
			buildActionMask = 2147483647;
			files = (
			);
			runOnlyForDeploymentPostprocessing = 0;
		};
		A2056E062E6F55E80088F903 /* Resources */ = {
			isa = PBXResourcesBuildPhase;
			buildActionMask = 2147483647;
			files = (
			);
			runOnlyForDeploymentPostprocessing = 0;
		};
		A2056E102E6F55E80088F903 /* Resources */ = {
			isa = PBXResourcesBuildPhase;
			buildActionMask = 2147483647;
			files = (
			);
			runOnlyForDeploymentPostprocessing = 0;
		};
/* End PBXResourcesBuildPhase section */

/* Begin PBXSourcesBuildPhase section */
		A2056DEE2E6F55E60088F903 /* Sources */ = {
			isa = PBXSourcesBuildPhase;
			buildActionMask = 2147483647;
			files = (
			);
			runOnlyForDeploymentPostprocessing = 0;
		};
		A2056E042E6F55E80088F903 /* Sources */ = {
			isa = PBXSourcesBuildPhase;
			buildActionMask = 2147483647;
			files = (
			);
			runOnlyForDeploymentPostprocessing = 0;
		};
		A2056E0E2E6F55E80088F903 /* Sources */ = {
			isa = PBXSourcesBuildPhase;
			buildActionMask = 2147483647;
			files = (
			);
			runOnlyForDeploymentPostprocessing = 0;
		};
/* End PBXSourcesBuildPhase section */

/* Begin PBXTargetDependency section */
		A2056E0A2E6F55E80088F903 /* PBXTargetDependency */ = {
			isa = PBXTargetDependency;
			target = A2056DF12E6F55E60088F903 /* GettinStarted4 */;
			targetProxy = A2056E092E6F55E80088F903 /* PBXContainerItemProxy */;
		};
		A2056E142E6F55E80088F903 /* PBXTargetDependency */ = {
			isa = PBXTargetDependency;
			target = A2056DF12E6F55E60088F903 /* GettinStarted4 */;
			targetProxy = A2056E132E6F55E80088F903 /* PBXContainerItemProxy */;
		};
/* End PBXTargetDependency section */

/* Begin XCBuildConfiguration section */
		A2056E1C2E6F55E80088F903 /* Debug */ = {
			isa = XCBuildConfiguration;
			buildSettings = {
				ASSETCATALOG_COMPILER_APPICON_NAME = AppIcon;
				ASSETCATALOG_COMPILER_GLOBAL_ACCENT_COLOR_NAME = AccentColor;
				CODE_SIGN_STYLE = Automatic;
				CURRENT_PROJECT_VERSION = 1;
				GENERATE_INFOPLIST_FILE = YES;
				INFOPLIST_FILE = GettinStarted4/Info.plist;
				INFOPLIST_KEY_UIApplicationSupportsIndirectInputEvents = YES;
				INFOPLIST_KEY_UILaunchStoryboardName = LaunchScreen;
				INFOPLIST_KEY_UIMainStoryboardFile = Main;
				INFOPLIST_KEY_UISupportedInterfaceOrientations_iPad = "UIInterfaceOrientationPortrait UIInterfaceOrientationPortraitUpsideDown UIInterfaceOrientationLandscapeLeft UIInterfaceOrientationLandscapeRight";
				INFOPLIST_KEY_UISupportedInterfaceOrientations_iPhone = "UIInterfaceOrientationPortrait UIInterfaceOrientationLandscapeLeft UIInterfaceOrientationLandscapeRight";
				LD_RUNPATH_SEARCH_PATHS = (
					"$(inherited)",
					"@executable_path/Frameworks",
				);
				MARKETING_VERSION = 1.0;
				PRODUCT_BUNDLE_IDENTIFIER = unam.fca.GettinStarted4;
				PRODUCT_NAME = "$(TARGET_NAME)";
				SWIFT_EMIT_LOC_STRINGS = YES;
				SWIFT_VERSION = 5.0;
				TARGETED_DEVICE_FAMILY = "1,2";
			};
			name = Debug;
		};
		A2056E1D2E6F55E80088F903 /* Release */ = {
			isa = XCBuildConfiguration;
			buildSettings = {
				ASSETCATALOG_COMPILER_APPICON_NAME = AppIcon;
				ASSETCATALOG_COMPILER_GLOBAL_ACCENT_COLOR_NAME = AccentColor;
				CODE_SIGN_STYLE = Automatic;
				CURRENT_PROJECT_VERSION = 1;
				GENERATE_INFOPLIST_FILE = YES;
				INFOPLIST_FILE = GettinStarted4/Info.plist;
				INFOPLIST_KEY_UIApplicationSupportsIndirectInputEvents = YES;
				INFOPLIST_KEY_UILaunchStoryboardName = LaunchScreen;
				INFOPLIST_KEY_UIMainStoryboardFile = Main;
				INFOPLIST_KEY_UISupportedInterfaceOrientations_iPad = "UIInterfaceOrientationPortrait UIInterfaceOrientationPortraitUpsideDown UIInterfaceOrientationLandscapeLeft UIInterfaceOrientationLandscapeRight";
				INFOPLIST_KEY_UISupportedInterfaceOrientations_iPhone = "UIInterfaceOrientationPortrait UIInterfaceOrientationLandscapeLeft UIInterfaceOrientationLandscapeRight";
				LD_RUNPATH_SEARCH_PATHS = (
					"$(inherited)",
					"@executable_path/Frameworks",
				);
				MARKETING_VERSION = 1.0;
				PRODUCT_BUNDLE_IDENTIFIER = unam.fca.GettinStarted4;
				PRODUCT_NAME = "$(TARGET_NAME)";
				SWIFT_EMIT_LOC_STRINGS = YES;
				SWIFT_VERSION = 5.0;
				TARGETED_DEVICE_FAMILY = "1,2";
			};
			name = Release;
		};
		A2056E1E2E6F55E80088F903 /* Debug */ = {
			isa = XCBuildConfiguration;
			buildSettings = {
				ALWAYS_SEARCH_USER_PATHS = NO;
				ASSETCATALOG_COMPILER_GENERATE_SWIFT_ASSET_SYMBOL_EXTENSIONS = YES;
				CLANG_ANALYZER_NONNULL = YES;
				CLANG_ANALYZER_NUMBER_OBJECT_CONVERSION = YES_AGGRESSIVE;
				CLANG_CXX_LANGUAGE_STANDARD = "gnu++20";
				CLANG_ENABLE_MODULES = YES;
				CLANG_ENABLE_OBJC_ARC = YES;
				CLANG_ENABLE_OBJC_WEAK = YES;
				CLANG_WARN_BLOCK_CAPTURE_AUTORELEASING = YES;
				CLANG_WARN_BOOL_CONVERSION = YES;
				CLANG_WARN_COMMA = YES;
				CLANG_WARN_CONSTANT_CONVERSION = YES;
				CLANG_WARN_DEPRECATED_OBJC_IMPLEMENTATIONS = YES;
				CLANG_WARN_DIRECT_OBJC_ISA_USAGE = YES_ERROR;
				CLANG_WARN_DOCUMENTATION_COMMENTS = YES;
				CLANG_WARN_EMPTY_BODY = YES;
				CLANG_WARN_ENUM_CONVERSION = YES;
				CLANG_WARN_INFINITE_RECURSION = YES;
				CLANG_WARN_INT_CONVERSION = YES;
				CLANG_WARN_NON_LITERAL_NULL_CONVERSION = YES;
				CLANG_WARN_OBJC_IMPLICIT_RETAIN_SELF = YES;
				CLANG_WARN_OBJC_LITERAL_CONVERSION = YES;
				CLANG_WARN_OBJC_ROOT_CLASS = YES_ERROR;
				CLANG_WARN_QUOTED_INCLUDE_IN_FRAMEWORK_HEADER = YES;
				CLANG_WARN_RANGE_LOOP_ANALYSIS = YES;
				CLANG_WARN_STRICT_PROTOTYPES = YES;
				CLANG_WARN_SUSPICIOUS_MOVE = YES;
				CLANG_WARN_UNGUARDED_AVAILABILITY = YES_AGGRESSIVE;
				CLANG_WARN_UNREACHABLE_CODE = YES;
				CLANG_WARN__DUPLICATE_METHOD_MATCH = YES;
				COPY_PHASE_STRIP = NO;
				DEBUG_INFORMATION_FORMAT = dwarf;
				ENABLE_STRICT_OBJC_MSGSEND = YES;
				ENABLE_TESTABILITY = YES;
				ENABLE_USER_SCRIPT_SANDBOXING = YES;
				GCC_C_LANGUAGE_STANDARD = gnu17;
				GCC_DYNAMIC_NO_PIC = NO;
				GCC_NO_COMMON_BLOCKS = YES;
				GCC_OPTIMIZATION_LEVEL = 0;
				GCC_PREPROCESSOR_DEFINITIONS = (
					"DEBUG=1",
					"$(inherited)",
				);
				GCC_WARN_64_TO_32_BIT_CONVERSION = YES;
				GCC_WARN_ABOUT_RETURN_TYPE = YES_ERROR;
				GCC_WARN_UNDECLARED_SELECTOR = YES;
				GCC_WARN_UNINITIALIZED_AUTOS = YES_AGGRESSIVE;
				GCC_WARN_UNUSED_FUNCTION = YES;
				GCC_WARN_UNUSED_VARIABLE = YES;
				IPHONEOS_DEPLOYMENT_TARGET = 18.5;
				LOCALIZATION_PREFERS_STRING_CATALOGS = YES;
				MTL_ENABLE_DEBUG_INFO = INCLUDE_SOURCE;
				MTL_FAST_MATH = YES;
				ONLY_ACTIVE_ARCH = YES;
				SDKROOT = iphoneos;
				SWIFT_ACTIVE_COMPILATION_CONDITIONS = "DEBUG $(inherited)";
				SWIFT_OPTIMIZATION_LEVEL = "-Onone";
			};
			name = Debug;
		};
		A2056E1F2E6F55E80088F903 /* Release */ = {
			isa = XCBuildConfiguration;
			buildSettings = {
				ALWAYS_SEARCH_USER_PATHS = NO;
				ASSETCATALOG_COMPILER_GENERATE_SWIFT_ASSET_SYMBOL_EXTENSIONS = YES;
				CLANG_ANALYZER_NONNULL = YES;
				CLANG_ANALYZER_NUMBER_OBJECT_CONVERSION = YES_AGGRESSIVE;
				CLANG_CXX_LANGUAGE_STANDARD = "gnu++20";
				CLANG_ENABLE_MODULES = YES;
				CLANG_ENABLE_OBJC_ARC = YES;
				CLANG_ENABLE_OBJC_WEAK = YES;
				CLANG_WARN_BLOCK_CAPTURE_AUTORELEASING = YES;
				CLANG_WARN_BOOL_CONVERSION = YES;
				CLANG_WARN_COMMA = YES;
				CLANG_WARN_CONSTANT_CONVERSION = YES;
				CLANG_WARN_DEPRECATED_OBJC_IMPLEMENTATIONS = YES;
				CLANG_WARN_DIRECT_OBJC_ISA_USAGE = YES_ERROR;
				CLANG_WARN_DOCUMENTATION_COMMENTS = YES;
				CLANG_WARN_EMPTY_BODY = YES;
				CLANG_WARN_ENUM_CONVERSION = YES;
				CLANG_WARN_INFINITE_RECURSION = YES;
				CLANG_WARN_INT_CONVERSION = YES;
				CLANG_WARN_NON_LITERAL_NULL_CONVERSION = YES;
				CLANG_WARN_OBJC_IMPLICIT_RETAIN_SELF = YES;
				CLANG_WARN_OBJC_LITERAL_CONVERSION = YES;
				CLANG_WARN_OBJC_ROOT_CLASS = YES_ERROR;
				CLANG_WARN_QUOTED_INCLUDE_IN_FRAMEWORK_HEADER = YES;
				CLANG_WARN_RANGE_LOOP_ANALYSIS = YES;
				CLANG_WARN_STRICT_PROTOTYPES = YES;
				CLANG_WARN_SUSPICIOUS_MOVE = YES;
				CLANG_WARN_UNGUARDED_AVAILABILITY = YES_AGGRESSIVE;
				CLANG_WARN_UNREACHABLE_CODE = YES;
				CLANG_WARN__DUPLICATE_METHOD_MATCH = YES;
				COPY_PHASE_STRIP = NO;
				DEBUG_INFORMATION_FORMAT = "dwarf-with-dsym";
				ENABLE_NS_ASSERTIONS = NO;
				ENABLE_STRICT_OBJC_MSGSEND = YES;
				ENABLE_USER_SCRIPT_SANDBOXING = YES;
				GCC_C_LANGUAGE_STANDARD = gnu17;
				GCC_NO_COMMON_BLOCKS = YES;
				GCC_WARN_64_TO_32_BIT_CONVERSION = YES;
				GCC_WARN_ABOUT_RETURN_TYPE = YES_ERROR;
				GCC_WARN_UNDECLARED_SELECTOR = YES;
				GCC_WARN_UNINITIALIZED_AUTOS = YES_AGGRESSIVE;
				GCC_WARN_UNUSED_FUNCTION = YES;
				GCC_WARN_UNUSED_VARIABLE = YES;
				IPHONEOS_DEPLOYMENT_TARGET = 18.5;
				LOCALIZATION_PREFERS_STRING_CATALOGS = YES;
				MTL_ENABLE_DEBUG_INFO = NO;
				MTL_FAST_MATH = YES;
				SDKROOT = iphoneos;
				SWIFT_COMPILATION_MODE = wholemodule;
				VALIDATE_PRODUCT = YES;
			};
			name = Release;
		};
		A2056E212E6F55E80088F903 /* Debug */ = {
			isa = XCBuildConfiguration;
			buildSettings = {
				BUNDLE_LOADER = "$(TEST_HOST)";
				CODE_SIGN_STYLE = Automatic;
				CURRENT_PROJECT_VERSION = 1;
				GENERATE_INFOPLIST_FILE = YES;
				IPHONEOS_DEPLOYMENT_TARGET = 18.5;
				MARKETING_VERSION = 1.0;
				PRODUCT_BUNDLE_IDENTIFIER = unam.fca.GettinStarted4Tests;
				PRODUCT_NAME = "$(TARGET_NAME)";
				SWIFT_EMIT_LOC_STRINGS = NO;
				SWIFT_VERSION = 5.0;
				TARGETED_DEVICE_FAMILY = "1,2";
				TEST_HOST = "$(BUILT_PRODUCTS_DIR)/GettinStarted4.app/$(BUNDLE_EXECUTABLE_FOLDER_PATH)/GettinStarted4";
			};
			name = Debug;
		};
		A2056E222E6F55E80088F903 /* Release */ = {
			isa = XCBuildConfiguration;
			buildSettings = {
				BUNDLE_LOADER = "$(TEST_HOST)";
				CODE_SIGN_STYLE = Automatic;
				CURRENT_PROJECT_VERSION = 1;
				GENERATE_INFOPLIST_FILE = YES;
				IPHONEOS_DEPLOYMENT_TARGET = 18.5;
				MARKETING_VERSION = 1.0;
				PRODUCT_BUNDLE_IDENTIFIER = unam.fca.GettinStarted4Tests;
				PRODUCT_NAME = "$(TARGET_NAME)";
				SWIFT_EMIT_LOC_STRINGS = NO;
				SWIFT_VERSION = 5.0;
				TARGETED_DEVICE_FAMILY = "1,2";
				TEST_HOST = "$(BUILT_PRODUCTS_DIR)/GettinStarted4.app/$(BUNDLE_EXECUTABLE_FOLDER_PATH)/GettinStarted4";
			};
			name = Release;
		};
		A2056E242E6F55E80088F903 /* Debug */ = {
			isa = XCBuildConfiguration;
			buildSettings = {
				CODE_SIGN_STYLE = Automatic;
				CURRENT_PROJECT_VERSION = 1;
				GENERATE_INFOPLIST_FILE = YES;
				MARKETING_VERSION = 1.0;
				PRODUCT_BUNDLE_IDENTIFIER = unam.fca.GettinStarted4UITests;
				PRODUCT_NAME = "$(TARGET_NAME)";
				SWIFT_EMIT_LOC_STRINGS = NO;
				SWIFT_VERSION = 5.0;
				TARGETED_DEVICE_FAMILY = "1,2";
				TEST_TARGET_NAME = GettinStarted4;
			};
			name = Debug;
		};
		A2056E252E6F55E80088F903 /* Release */ = {
			isa = XCBuildConfiguration;
			buildSettings = {
				CODE_SIGN_STYLE = Automatic;
				CURRENT_PROJECT_VERSION = 1;
				GENERATE_INFOPLIST_FILE = YES;
				MARKETING_VERSION = 1.0;
				PRODUCT_BUNDLE_IDENTIFIER = unam.fca.GettinStarted4UITests;
				PRODUCT_NAME = "$(TARGET_NAME)";
				SWIFT_EMIT_LOC_STRINGS = NO;
				SWIFT_VERSION = 5.0;
				TARGETED_DEVICE_FAMILY = "1,2";
				TEST_TARGET_NAME = GettinStarted4;
			};
			name = Release;
		};
/* End XCBuildConfiguration section */

/* Begin XCConfigurationList section */
		A2056DED2E6F55E60088F903 /* Build configuration list for PBXProject "GettinStarted4" */ = {
			isa = XCConfigurationList;
			buildConfigurations = (
				A2056E1E2E6F55E80088F903 /* Debug */,
				A2056E1F2E6F55E80088F903 /* Release */,
			);
			defaultConfigurationIsVisible = 0;
			defaultConfigurationName = Release;
		};
		A2056E1B2E6F55E80088F903 /* Build configuration list for PBXNativeTarget "GettinStarted4" */ = {
			isa = XCConfigurationList;
			buildConfigurations = (
				A2056E1C2E6F55E80088F903 /* Debug */,
				A2056E1D2E6F55E80088F903 /* Release */,
			);
			defaultConfigurationIsVisible = 0;
			defaultConfigurationName = Release;
		};
		A2056E202E6F55E80088F903 /* Build configuration list for PBXNativeTarget "GettinStarted4Tests" */ = {
			isa = XCConfigurationList;
			buildConfigurations = (
				A2056E212E6F55E80088F903 /* Debug */,
				A2056E222E6F55E80088F903 /* Release */,
			);
			defaultConfigurationIsVisible = 0;
			defaultConfigurationName = Release;
		};
		A2056E232E6F55E80088F903 /* Build configuration list for PBXNativeTarget "GettinStarted4UITests" */ = {
			isa = XCConfigurationList;
			buildConfigurations = (
				A2056E242E6F55E80088F903 /* Debug */,
				A2056E252E6F55E80088F903 /* Release */,
			);
			defaultConfigurationIsVisible = 0;
			defaultConfigurationName = Release;
		};
/* End XCConfigurationList section */
	};
	rootObject = A2056DEA2E6F55E60088F903 /* Project object */;
}
