// !$*UTF8*$!
{
	archiveVersion = 1;
	classes = {
	};
	objectVersion = 77;
	objects = {

/* Begin PBXContainerItemProxy section */
		A2A5C67E2E81BC6A00EAF888 /* PBXContainerItemProxy */ = {
			isa = PBXContainerItemProxy;
			containerPortal = A2A5C65F2E81BC6800EAF888 /* Project object */;
			proxyType = 1;
			remoteGlobalIDString = A2A5C6662E81BC6800EAF888;
			remoteInfo = GettingStarted6;
		};
		A2A5C6882E81BC6A00EAF888 /* PBXContainerItemProxy */ = {
			isa = PBXContainerItemProxy;
			containerPortal = A2A5C65F2E81BC6800EAF888 /* Project object */;
			proxyType = 1;
			remoteGlobalIDString = A2A5C6662E81BC6800EAF888;
			remoteInfo = GettingStarted6;
		};
/* End PBXContainerItemProxy section */

/* Begin PBXFileReference section */
		A2A5C6672E81BC6800EAF888 /* GettingStarted6.app */ = {isa = PBXFileReference; explicitFileType = wrapper.application; includeInIndex = 0; path = GettingStarted6.app; sourceTree = BUILT_PRODUCTS_DIR; };
		A2A5C67D2E81BC6A00EAF888 /* GettingStarted6Tests.xctest */ = {isa = PBXFileReference; explicitFileType = wrapper.cfbundle; includeInIndex = 0; path = GettingStarted6Tests.xctest; sourceTree = BUILT_PRODUCTS_DIR; };
		A2A5C6872E81BC6A00EAF888 /* GettingStarted6UITests.xctest */ = {isa = PBXFileReference; explicitFileType = wrapper.cfbundle; includeInIndex = 0; path = GettingStarted6UITests.xctest; sourceTree = BUILT_PRODUCTS_DIR; };
/* End PBXFileReference section */

/* Begin PBXFileSystemSynchronizedBuildFileExceptionSet section */
		A2A5C68F2E81BC6A00EAF888 /* Exceptions for "GettingStarted6" folder in "GettingStarted6" target */ = {
			isa = PBXFileSystemSynchronizedBuildFileExceptionSet;
			membershipExceptions = (
				Info.plist,
			);
			target = A2A5C6662E81BC6800EAF888 /* GettingStarted6 */;
		};
/* End PBXFileSystemSynchronizedBuildFileExceptionSet section */

/* Begin PBXFileSystemSynchronizedRootGroup section */
		A2A5C6692E81BC6800EAF888 /* GettingStarted6 */ = {
			isa = PBXFileSystemSynchronizedRootGroup;
			exceptions = (
				A2A5C68F2E81BC6A00EAF888 /* Exceptions for "GettingStarted6" folder in "GettingStarted6" target */,
			);
			path = GettingStarted6;
			sourceTree = "<group>";
		};
		A2A5C6802E81BC6A00EAF888 /* GettingStarted6Tests */ = {
			isa = PBXFileSystemSynchronizedRootGroup;
			path = GettingStarted6Tests;
			sourceTree = "<group>";
		};
		A2A5C68A2E81BC6A00EAF888 /* GettingStarted6UITests */ = {
			isa = PBXFileSystemSynchronizedRootGroup;
			path = GettingStarted6UITests;
			sourceTree = "<group>";
		};
/* End PBXFileSystemSynchronizedRootGroup section */

/* Begin PBXFrameworksBuildPhase section */
		A2A5C6642E81BC6800EAF888 /* Frameworks */ = {
			isa = PBXFrameworksBuildPhase;
			buildActionMask = 2147483647;
			files = (
			);
			runOnlyForDeploymentPostprocessing = 0;
		};
		A2A5C67A2E81BC6A00EAF888 /* Frameworks */ = {
			isa = PBXFrameworksBuildPhase;
			buildActionMask = 2147483647;
			files = (
			);
			runOnlyForDeploymentPostprocessing = 0;
		};
		A2A5C6842E81BC6A00EAF888 /* Frameworks */ = {
			isa = PBXFrameworksBuildPhase;
			buildActionMask = 2147483647;
			files = (
			);
			runOnlyForDeploymentPostprocessing = 0;
		};
/* End PBXFrameworksBuildPhase section */

/* Begin PBXGroup section */
		A2A5C65E2E81BC6800EAF888 = {
			isa = PBXGroup;
			children = (
				A2A5C6692E81BC6800EAF888 /* GettingStarted6 */,
				A2A5C6802E81BC6A00EAF888 /* GettingStarted6Tests */,
				A2A5C68A2E81BC6A00EAF888 /* GettingStarted6UITests */,
				A2A5C6682E81BC6800EAF888 /* Products */,
			);
			sourceTree = "<group>";
		};
		A2A5C6682E81BC6800EAF888 /* Products */ = {
			isa = PBXGroup;
			children = (
				A2A5C6672E81BC6800EAF888 /* GettingStarted6.app */,
				A2A5C67D2E81BC6A00EAF888 /* GettingStarted6Tests.xctest */,
				A2A5C6872E81BC6A00EAF888 /* GettingStarted6UITests.xctest */,
			);
			name = Products;
			sourceTree = "<group>";
		};
/* End PBXGroup section */

/* Begin PBXNativeTarget section */
		A2A5C6662E81BC6800EAF888 /* GettingStarted6 */ = {
			isa = PBXNativeTarget;
			buildConfigurationList = A2A5C6902E81BC6A00EAF888 /* Build configuration list for PBXNativeTarget "GettingStarted6" */;
			buildPhases = (
				A2A5C6632E81BC6800EAF888 /* Sources */,
				A2A5C6642E81BC6800EAF888 /* Frameworks */,
				A2A5C6652E81BC6800EAF888 /* Resources */,
			);
			buildRules = (
			);
			dependencies = (
			);
			fileSystemSynchronizedGroups = (
				A2A5C6692E81BC6800EAF888 /* GettingStarted6 */,
			);
			name = GettingStarted6;
			packageProductDependencies = (
			);
			productName = GettingStarted6;
			productReference = A2A5C6672E81BC6800EAF888 /* GettingStarted6.app */;
			productType = "com.apple.product-type.application";
		};
		A2A5C67C2E81BC6A00EAF888 /* GettingStarted6Tests */ = {
			isa = PBXNativeTarget;
			buildConfigurationList = A2A5C6952E81BC6A00EAF888 /* Build configuration list for PBXNativeTarget "GettingStarted6Tests" */;
			buildPhases = (
				A2A5C6792E81BC6A00EAF888 /* Sources */,
				A2A5C67A2E81BC6A00EAF888 /* Frameworks */,
				A2A5C67B2E81BC6A00EAF888 /* Resources */,
			);
			buildRules = (
			);
			dependencies = (
				A2A5C67F2E81BC6A00EAF888 /* PBXTargetDependency */,
			);
			fileSystemSynchronizedGroups = (
				A2A5C6802E81BC6A00EAF888 /* GettingStarted6Tests */,
			);
			name = GettingStarted6Tests;
			packageProductDependencies = (
			);
			productName = GettingStarted6Tests;
			productReference = A2A5C67D2E81BC6A00EAF888 /* GettingStarted6Tests.xctest */;
			productType = "com.apple.product-type.bundle.unit-test";
		};
		A2A5C6862E81BC6A00EAF888 /* GettingStarted6UITests */ = {
			isa = PBXNativeTarget;
			buildConfigurationList = A2A5C6982E81BC6A00EAF888 /* Build configuration list for PBXNativeTarget "GettingStarted6UITests" */;
			buildPhases = (
				A2A5C6832E81BC6A00EAF888 /* Sources */,
				A2A5C6842E81BC6A00EAF888 /* Frameworks */,
				A2A5C6852E81BC6A00EAF888 /* Resources */,
			);
			buildRules = (
			);
			dependencies = (
				A2A5C6892E81BC6A00EAF888 /* PBXTargetDependency */,
			);
			fileSystemSynchronizedGroups = (
				A2A5C68A2E81BC6A00EAF888 /* GettingStarted6UITests */,
			);
			name = GettingStarted6UITests;
			packageProductDependencies = (
			);
			productName = GettingStarted6UITests;
			productReference = A2A5C6872E81BC6A00EAF888 /* GettingStarted6UITests.xctest */;
			productType = "com.apple.product-type.bundle.ui-testing";
		};
/* End PBXNativeTarget section */

/* Begin PBXProject section */
		A2A5C65F2E81BC6800EAF888 /* Project object */ = {
			isa = PBXProject;
			attributes = {
				BuildIndependentTargetsInParallel = 1;
				LastSwiftUpdateCheck = 2600;
				LastUpgradeCheck = 2600;
				TargetAttributes = {
					A2A5C6662E81BC6800EAF888 = {
						CreatedOnToolsVersion = 26.0;
					};
					A2A5C67C2E81BC6A00EAF888 = {
						CreatedOnToolsVersion = 26.0;
						TestTargetID = A2A5C6662E81BC6800EAF888;
					};
					A2A5C6862E81BC6A00EAF888 = {
						CreatedOnToolsVersion = 26.0;
						TestTargetID = A2A5C6662E81BC6800EAF888;
					};
				};
			};
			buildConfigurationList = A2A5C6622E81BC6800EAF888 /* Build configuration list for PBXProject "GettingStarted6" */;
			developmentRegion = en;
			hasScannedForEncodings = 0;
			knownRegions = (
				en,
				Base,
			);
			mainGroup = A2A5C65E2E81BC6800EAF888;
			minimizedProjectReferenceProxies = 1;
			preferredProjectObjectVersion = 77;
			productRefGroup = A2A5C6682E81BC6800EAF888 /* Products */;
			projectDirPath = "";
			projectRoot = "";
			targets = (
				A2A5C6662E81BC6800EAF888 /* GettingStarted6 */,
				A2A5C67C2E81BC6A00EAF888 /* GettingStarted6Tests */,
				A2A5C6862E81BC6A00EAF888 /* GettingStarted6UITests */,
			);
		};
/* End PBXProject section */

/* Begin PBXResourcesBuildPhase section */
		A2A5C6652E81BC6800EAF888 /* Resources */ = {
			isa = PBXResourcesBuildPhase;
			buildActionMask = 2147483647;
			files = (
			);
			runOnlyForDeploymentPostprocessing = 0;
		};
		A2A5C67B2E81BC6A00EAF888 /* Resources */ = {
			isa = PBXResourcesBuildPhase;
			buildActionMask = 2147483647;
			files = (
			);
			runOnlyForDeploymentPostprocessing = 0;
		};
		A2A5C6852E81BC6A00EAF888 /* Resources */ = {
			isa = PBXResourcesBuildPhase;
			buildActionMask = 2147483647;
			files = (
			);
			runOnlyForDeploymentPostprocessing = 0;
		};
/* End PBXResourcesBuildPhase section */

/* Begin PBXSourcesBuildPhase section */
		A2A5C6632E81BC6800EAF888 /* Sources */ = {
			isa = PBXSourcesBuildPhase;
			buildActionMask = 2147483647;
			files = (
			);
			runOnlyForDeploymentPostprocessing = 0;
		};
		A2A5C6792E81BC6A00EAF888 /* Sources */ = {
			isa = PBXSourcesBuildPhase;
			buildActionMask = 2147483647;
			files = (
			);
			runOnlyForDeploymentPostprocessing = 0;
		};
		A2A5C6832E81BC6A00EAF888 /* Sources */ = {
			isa = PBXSourcesBuildPhase;
			buildActionMask = 2147483647;
			files = (
			);
			runOnlyForDeploymentPostprocessing = 0;
		};
/* End PBXSourcesBuildPhase section */

/* Begin PBXTargetDependency section */
		A2A5C67F2E81BC6A00EAF888 /* PBXTargetDependency */ = {
			isa = PBXTargetDependency;
			target = A2A5C6662E81BC6800EAF888 /* GettingStarted6 */;
			targetProxy = A2A5C67E2E81BC6A00EAF888 /* PBXContainerItemProxy */;
		};
		A2A5C6892E81BC6A00EAF888 /* PBXTargetDependency */ = {
			isa = PBXTargetDependency;
			target = A2A5C6662E81BC6800EAF888 /* GettingStarted6 */;
			targetProxy = A2A5C6882E81BC6A00EAF888 /* PBXContainerItemProxy */;
		};
/* End PBXTargetDependency section */

/* Begin XCBuildConfiguration section */
		A2A5C6912E81BC6A00EAF888 /* Debug */ = {
			isa = XCBuildConfiguration;
			buildSettings = {
				ASSETCATALOG_COMPILER_APPICON_NAME = AppIcon;
				ASSETCATALOG_COMPILER_GLOBAL_ACCENT_COLOR_NAME = AccentColor;
				CODE_SIGN_STYLE = Automatic;
				CURRENT_PROJECT_VERSION = 1;
				GENERATE_INFOPLIST_FILE = YES;
				INFOPLIST_FILE = GettingStarted6/Info.plist;
				INFOPLIST_KEY_UIApplicationSupportsIndirectInputEvents = YES;
				INFOPLIST_KEY_UILaunchStoryboardName = LaunchScreen;
				INFOPLIST_KEY_UIMainStoryboardFile = Main;
				INFOPLIST_KEY_UISupportedInterfaceOrientations_iPad = "UIInterfaceOrientationPortrait UIInterfaceOrientationPortraitUpsideDown UIInterfaceOrientationLandscapeLeft UIInterfaceOrientationLandscapeRight";
				INFOPLIST_KEY_UISupportedInterfaceOrientations_iPhone = "UIInterfaceOrientationPortrait UIInterfaceOrientationLandscapeLeft UIInterfaceOrientationLandscapeRight";
				LD_RUNPATH_SEARCH_PATHS = (
					"$(inherited)",
					"@executable_path/Frameworks",
				);
				MARKETING_VERSION = 1.0;
				PRODUCT_BUNDLE_IDENTIFIER = unam.fca.GettingStarted6;
				PRODUCT_NAME = "$(TARGET_NAME)";
				STRING_CATALOG_GENERATE_SYMBOLS = YES;
				SWIFT_APPROACHABLE_CONCURRENCY = YES;
				SWIFT_DEFAULT_ACTOR_ISOLATION = MainActor;
				SWIFT_EMIT_LOC_STRINGS = YES;
				SWIFT_UPCOMING_FEATURE_MEMBER_IMPORT_VISIBILITY = YES;
				SWIFT_VERSION = 5.0;
				TARGETED_DEVICE_FAMILY = "1,2";
			};
			name = Debug;
		};
		A2A5C6922E81BC6A00EAF888 /* Release */ = {
			isa = XCBuildConfiguration;
			buildSettings = {
				ASSETCATALOG_COMPILER_APPICON_NAME = AppIcon;
				ASSETCATALOG_COMPILER_GLOBAL_ACCENT_COLOR_NAME = AccentColor;
				CODE_SIGN_STYLE = Automatic;
				CURRENT_PROJECT_VERSION = 1;
				GENERATE_INFOPLIST_FILE = YES;
				INFOPLIST_FILE = GettingStarted6/Info.plist;
				INFOPLIST_KEY_UIApplicationSupportsIndirectInputEvents = YES;
				INFOPLIST_KEY_UILaunchStoryboardName = LaunchScreen;
				INFOPLIST_KEY_UIMainStoryboardFile = Main;
				INFOPLIST_KEY_UISupportedInterfaceOrientations_iPad = "UIInterfaceOrientationPortrait UIInterfaceOrientationPortraitUpsideDown UIInterfaceOrientationLandscapeLeft UIInterfaceOrientationLandscapeRight";
				INFOPLIST_KEY_UISupportedInterfaceOrientations_iPhone = "UIInterfaceOrientationPortrait UIInterfaceOrientationLandscapeLeft UIInterfaceOrientationLandscapeRight";
				LD_RUNPATH_SEARCH_PATHS = (
					"$(inherited)",
					"@executable_path/Frameworks",
				);
				MARKETING_VERSION = 1.0;
				PRODUCT_BUNDLE_IDENTIFIER = unam.fca.GettingStarted6;
				PRODUCT_NAME = "$(TARGET_NAME)";
				STRING_CATALOG_GENERATE_SYMBOLS = YES;
				SWIFT_APPROACHABLE_CONCURRENCY = YES;
				SWIFT_DEFAULT_ACTOR_ISOLATION = MainActor;
				SWIFT_EMIT_LOC_STRINGS = YES;
				SWIFT_UPCOMING_FEATURE_MEMBER_IMPORT_VISIBILITY = YES;
				SWIFT_VERSION = 5.0;
				TARGETED_DEVICE_FAMILY = "1,2";
			};
			name = Release;
		};
		A2A5C6932E81BC6A00EAF888 /* Debug */ = {
			isa = XCBuildConfiguration;
			buildSettings = {
				ALWAYS_SEARCH_USER_PATHS = NO;
				ASSETCATALOG_COMPILER_GENERATE_SWIFT_ASSET_SYMBOL_EXTENSIONS = YES;
				CLANG_ANALYZER_NONNULL = YES;
				CLANG_ANALYZER_NUMBER_OBJECT_CONVERSION = YES_AGGRESSIVE;
				CLANG_CXX_LANGUAGE_STANDARD = "gnu++20";
				CLANG_ENABLE_MODULES = YES;
				CLANG_ENABLE_OBJC_ARC = YES;
				CLANG_ENABLE_OBJC_WEAK = YES;
				CLANG_WARN_BLOCK_CAPTURE_AUTORELEASING = YES;
				CLANG_WARN_BOOL_CONVERSION = YES;
				CLANG_WARN_COMMA = YES;
				CLANG_WARN_CONSTANT_CONVERSION = YES;
				CLANG_WARN_DEPRECATED_OBJC_IMPLEMENTATIONS = YES;
				CLANG_WARN_DIRECT_OBJC_ISA_USAGE = YES_ERROR;
				CLANG_WARN_DOCUMENTATION_COMMENTS = YES;
				CLANG_WARN_EMPTY_BODY = YES;
				CLANG_WARN_ENUM_CONVERSION = YES;
				CLANG_WARN_INFINITE_RECURSION = YES;
				CLANG_WARN_INT_CONVERSION = YES;
				CLANG_WARN_NON_LITERAL_NULL_CONVERSION = YES;
				CLANG_WARN_OBJC_IMPLICIT_RETAIN_SELF = YES;
				CLANG_WARN_OBJC_LITERAL_CONVERSION = YES;
				CLANG_WARN_OBJC_ROOT_CLASS = YES_ERROR;
				CLANG_WARN_QUOTED_INCLUDE_IN_FRAMEWORK_HEADER = YES;
				CLANG_WARN_RANGE_LOOP_ANALYSIS = YES;
				CLANG_WARN_STRICT_PROTOTYPES = YES;
				CLANG_WARN_SUSPICIOUS_MOVE = YES;
				CLANG_WARN_UNGUARDED_AVAILABILITY = YES_AGGRESSIVE;
				CLANG_WARN_UNREACHABLE_CODE = YES;
				CLANG_WARN__DUPLICATE_METHOD_MATCH = YES;
				COPY_PHASE_STRIP = NO;
				DEBUG_INFORMATION_FORMAT = dwarf;
				ENABLE_STRICT_OBJC_MSGSEND = YES;
				ENABLE_TESTABILITY = YES;
				ENABLE_USER_SCRIPT_SANDBOXING = YES;
				GCC_C_LANGUAGE_STANDARD = gnu17;
				GCC_DYNAMIC_NO_PIC = NO;
				GCC_NO_COMMON_BLOCKS = YES;
				GCC_OPTIMIZATION_LEVEL = 0;
				GCC_PREPROCESSOR_DEFINITIONS = (
					"DEBUG=1",
					"$(inherited)",
				);
				GCC_WARN_64_TO_32_BIT_CONVERSION = YES;
				GCC_WARN_ABOUT_RETURN_TYPE = YES_ERROR;
				GCC_WARN_UNDECLARED_SELECTOR = YES;
				GCC_WARN_UNINITIALIZED_AUTOS = YES_AGGRESSIVE;
				GCC_WARN_UNUSED_FUNCTION = YES;
				GCC_WARN_UNUSED_VARIABLE = YES;
				IPHONEOS_DEPLOYMENT_TARGET = 26.0;
				LOCALIZATION_PREFERS_STRING_CATALOGS = YES;
				MTL_ENABLE_DEBUG_INFO = INCLUDE_SOURCE;
				MTL_FAST_MATH = YES;
				ONLY_ACTIVE_ARCH = YES;
				SDKROOT = iphoneos;
				SWIFT_ACTIVE_COMPILATION_CONDITIONS = "DEBUG $(inherited)";
				SWIFT_OPTIMIZATION_LEVEL = "-Onone";
			};
			name = Debug;
		};
		A2A5C6942E81BC6A00EAF888 /* Release */ = {
			isa = XCBuildConfiguration;
			buildSettings = {
				ALWAYS_SEARCH_USER_PATHS = NO;
				ASSETCATALOG_COMPILER_GENERATE_SWIFT_ASSET_SYMBOL_EXTENSIONS = YES;
				CLANG_ANALYZER_NONNULL = YES;
				CLANG_ANALYZER_NUMBER_OBJECT_CONVERSION = YES_AGGRESSIVE;
				CLANG_CXX_LANGUAGE_STANDARD = "gnu++20";
				CLANG_ENABLE_MODULES = YES;
				CLANG_ENABLE_OBJC_ARC = YES;
				CLANG_ENABLE_OBJC_WEAK = YES;
				CLANG_WARN_BLOCK_CAPTURE_AUTORELEASING = YES;
				CLANG_WARN_BOOL_CONVERSION = YES;
				CLANG_WARN_COMMA = YES;
				CLANG_WARN_CONSTANT_CONVERSION = YES;
				CLANG_WARN_DEPRECATED_OBJC_IMPLEMENTATIONS = YES;
				CLANG_WARN_DIRECT_OBJC_ISA_USAGE = YES_ERROR;
				CLANG_WARN_DOCUMENTATION_COMMENTS = YES;
				CLANG_WARN_EMPTY_BODY = YES;
				CLANG_WARN_ENUM_CONVERSION = YES;
				CLANG_WARN_INFINITE_RECURSION = YES;
				CLANG_WARN_INT_CONVERSION = YES;
				CLANG_WARN_NON_LITERAL_NULL_CONVERSION = YES;
				CLANG_WARN_OBJC_IMPLICIT_RETAIN_SELF = YES;
				CLANG_WARN_OBJC_LITERAL_CONVERSION = YES;
				CLANG_WARN_OBJC_ROOT_CLASS = YES_ERROR;
				CLANG_WARN_QUOTED_INCLUDE_IN_FRAMEWORK_HEADER = YES;
				CLANG_WARN_RANGE_LOOP_ANALYSIS = YES;
				CLANG_WARN_STRICT_PROTOTYPES = YES;
				CLANG_WARN_SUSPICIOUS_MOVE = YES;
				CLANG_WARN_UNGUARDED_AVAILABILITY = YES_AGGRESSIVE;
				CLANG_WARN_UNREACHABLE_CODE = YES;
				CLANG_WARN__DUPLICATE_METHOD_MATCH = YES;
				COPY_PHASE_STRIP = NO;
				DEBUG_INFORMATION_FORMAT = "dwarf-with-dsym";
				ENABLE_NS_ASSERTIONS = NO;
				ENABLE_STRICT_OBJC_MSGSEND = YES;
				ENABLE_USER_SCRIPT_SANDBOXING = YES;
				GCC_C_LANGUAGE_STANDARD = gnu17;
				GCC_NO_COMMON_BLOCKS = YES;
				GCC_WARN_64_TO_32_BIT_CONVERSION = YES;
				GCC_WARN_ABOUT_RETURN_TYPE = YES_ERROR;
				GCC_WARN_UNDECLARED_SELECTOR = YES;
				GCC_WARN_UNINITIALIZED_AUTOS = YES_AGGRESSIVE;
				GCC_WARN_UNUSED_FUNCTION = YES;
				GCC_WARN_UNUSED_VARIABLE = YES;
				IPHONEOS_DEPLOYMENT_TARGET = 26.0;
				LOCALIZATION_PREFERS_STRING_CATALOGS = YES;
				MTL_ENABLE_DEBUG_INFO = NO;
				MTL_FAST_MATH = YES;
				SDKROOT = iphoneos;
				SWIFT_COMPILATION_MODE = wholemodule;
				VALIDATE_PRODUCT = YES;
			};
			name = Release;
		};
		A2A5C6962E81BC6A00EAF888 /* Debug */ = {
			isa = XCBuildConfiguration;
			buildSettings = {
				BUNDLE_LOADER = "$(TEST_HOST)";
				CODE_SIGN_STYLE = Automatic;
				CURRENT_PROJECT_VERSION = 1;
				GENERATE_INFOPLIST_FILE = YES;
				IPHONEOS_DEPLOYMENT_TARGET = 26.0;
				MARKETING_VERSION = 1.0;
				PRODUCT_BUNDLE_IDENTIFIER = unam.fca.GettingStarted6Tests;
				PRODUCT_NAME = "$(TARGET_NAME)";
				STRING_CATALOG_GENERATE_SYMBOLS = NO;
				SWIFT_APPROACHABLE_CONCURRENCY = YES;
				SWIFT_EMIT_LOC_STRINGS = NO;
				SWIFT_UPCOMING_FEATURE_MEMBER_IMPORT_VISIBILITY = YES;
				SWIFT_VERSION = 5.0;
				TARGETED_DEVICE_FAMILY = "1,2";
				TEST_HOST = "$(BUILT_PRODUCTS_DIR)/GettingStarted6.app/$(BUNDLE_EXECUTABLE_FOLDER_PATH)/GettingStarted6";
			};
			name = Debug;
		};
		A2A5C6972E81BC6A00EAF888 /* Release */ = {
			isa = XCBuildConfiguration;
			buildSettings = {
				BUNDLE_LOADER = "$(TEST_HOST)";
				CODE_SIGN_STYLE = Automatic;
				CURRENT_PROJECT_VERSION = 1;
				GENERATE_INFOPLIST_FILE = YES;
				IPHONEOS_DEPLOYMENT_TARGET = 26.0;
				MARKETING_VERSION = 1.0;
				PRODUCT_BUNDLE_IDENTIFIER = unam.fca.GettingStarted6Tests;
				PRODUCT_NAME = "$(TARGET_NAME)";
				STRING_CATALOG_GENERATE_SYMBOLS = NO;
				SWIFT_APPROACHABLE_CONCURRENCY = YES;
				SWIFT_EMIT_LOC_STRINGS = NO;
				SWIFT_UPCOMING_FEATURE_MEMBER_IMPORT_VISIBILITY = YES;
				SWIFT_VERSION = 5.0;
				TARGETED_DEVICE_FAMILY = "1,2";
				TEST_HOST = "$(BUILT_PRODUCTS_DIR)/GettingStarted6.app/$(BUNDLE_EXECUTABLE_FOLDER_PATH)/GettingStarted6";
			};
			name = Release;
		};
		A2A5C6992E81BC6A00EAF888 /* Debug */ = {
			isa = XCBuildConfiguration;
			buildSettings = {
				CODE_SIGN_STYLE = Automatic;
				CURRENT_PROJECT_VERSION = 1;
				GENERATE_INFOPLIST_FILE = YES;
				MARKETING_VERSION = 1.0;
				PRODUCT_BUNDLE_IDENTIFIER = unam.fca.GettingStarted6UITests;
				PRODUCT_NAME = "$(TARGET_NAME)";
				STRING_CATALOG_GENERATE_SYMBOLS = NO;
				SWIFT_APPROACHABLE_CONCURRENCY = YES;
				SWIFT_EMIT_LOC_STRINGS = NO;
				SWIFT_UPCOMING_FEATURE_MEMBER_IMPORT_VISIBILITY = YES;
				SWIFT_VERSION = 5.0;
				TARGETED_DEVICE_FAMILY = "1,2";
				TEST_TARGET_NAME = GettingStarted6;
			};
			name = Debug;
		};
		A2A5C69A2E81BC6A00EAF888 /* Release */ = {
			isa = XCBuildConfiguration;
			buildSettings = {
				CODE_SIGN_STYLE = Automatic;
				CURRENT_PROJECT_VERSION = 1;
				GENERATE_INFOPLIST_FILE = YES;
				MARKETING_VERSION = 1.0;
				PRODUCT_BUNDLE_IDENTIFIER = unam.fca.GettingStarted6UITests;
				PRODUCT_NAME = "$(TARGET_NAME)";
				STRING_CATALOG_GENERATE_SYMBOLS = NO;
				SWIFT_APPROACHABLE_CONCURRENCY = YES;
				SWIFT_EMIT_LOC_STRINGS = NO;
				SWIFT_UPCOMING_FEATURE_MEMBER_IMPORT_VISIBILITY = YES;
				SWIFT_VERSION = 5.0;
				TARGETED_DEVICE_FAMILY = "1,2";
				TEST_TARGET_NAME = GettingStarted6;
			};
			name = Release;
		};
/* End XCBuildConfiguration section */

/* Begin XCConfigurationList section */
		A2A5C6622E81BC6800EAF888 /* Build configuration list for PBXProject "GettingStarted6" */ = {
			isa = XCConfigurationList;
			buildConfigurations = (
				A2A5C6932E81BC6A00EAF888 /* Debug */,
				A2A5C6942E81BC6A00EAF888 /* Release */,
			);
			defaultConfigurationIsVisible = 0;
			defaultConfigurationName = Release;
		};
		A2A5C6902E81BC6A00EAF888 /* Build configuration list for PBXNativeTarget "GettingStarted6" */ = {
			isa = XCConfigurationList;
			buildConfigurations = (
				A2A5C6912E81BC6A00EAF888 /* Debug */,
				A2A5C6922E81BC6A00EAF888 /* Release */,
			);
			defaultConfigurationIsVisible = 0;
			defaultConfigurationName = Release;
		};
		A2A5C6952E81BC6A00EAF888 /* Build configuration list for PBXNativeTarget "GettingStarted6Tests" */ = {
			isa = XCConfigurationList;
			buildConfigurations = (
				A2A5C6962E81BC6A00EAF888 /* Debug */,
				A2A5C6972E81BC6A00EAF888 /* Release */,
			);
			defaultConfigurationIsVisible = 0;
			defaultConfigurationName = Release;
		};
		A2A5C6982E81BC6A00EAF888 /* Build configuration list for PBXNativeTarget "GettingStarted6UITests" */ = {
			isa = XCConfigurationList;
			buildConfigurations = (
				A2A5C6992E81BC6A00EAF888 /* Debug */,
				A2A5C69A2E81BC6A00EAF888 /* Release */,
			);
			defaultConfigurationIsVisible = 0;
			defaultConfigurationName = Release;
		};
/* End XCConfigurationList section */
	};
	rootObject = A2A5C65F2E81BC6800EAF888 /* Project object */;
}
